
Microsoft Visual Studio Solution File, Format Version 12.00
# Visual Studio Version 17
VisualStudioVersion = 17.9.34728.123
MinimumVisualStudioVersion = 10.0.40219.1
Project("{FAE04EC0-301F-11D3-BF4B-00C04F79EFBC}") = "ReleselZoone_Prog", "ReleselZoone_Prog.csproj", "{D26515C7-EF04-4258-A74D-F3B3BEC9B8EE}"
EndProject
Global
	GlobalSection(SolutionConfigurationPlatforms) = preSolution
		Debug|Any CPU = Debug|Any CPU
		Release|Any CPU = Release|Any CPU
	EndGlobalSection
	GlobalSection(ProjectConfigurationPlatforms) = postSolution
		{D26515C7-EF04-4258-A74D-F3B3BEC9B8EE}.Debug|Any CPU.ActiveCfg = Debug|Any CPU
		{D26515C7-EF04-4258-A74D-F3B3BEC9B8EE}.Debug|Any CPU.Build.0 = Debug|Any CPU
		{D26515C7-EF04-4258-A74D-F3B3BEC9B8EE}.Release|Any CPU.ActiveCfg = Release|Any CPU
		{D26515C7-EF04-4258-A74D-F3B3BEC9B8EE}.Release|Any CPU.Build.0 = Release|Any CPU
	EndGlobalSection
	GlobalSection(SolutionProperties) = preSolution
		HideSolutionNode = FALSE
	EndGlobalSection
	GlobalSection(ExtensibilityGlobals) = postSolution
		SolutionGuid = {EA59DDCC-34A6-4527-9DB7-F4D572F6EACF}
	EndGlobalSection
EndGlobal
